
Microsoft Visual Studio Solution File, Format Version 12.00
# Visual Studio Version 17
VisualStudioVersion = 17.0.32112.339
MinimumVisualStudioVersion = 10.0.40219.1
Project("{9A19103F-16F7-4668-BE54-9A1E7A4F7556}") = "TestKitTest", "TestKitTest\TestKitTest.csproj", "{342F83F2-B360-49AC-AF2E-37483F66FE67}"
EndProject
Global
	GlobalSection(SolutionConfigurationPlatforms) = preSolution
		Debug|Any CPU = Debug|Any CPU
		Release|Any CPU = Release|Any CPU
	EndGlobalSection
	GlobalSection(ProjectConfigurationPlatforms) = postSolution
		{342F83F2-B360-49AC-AF2E-37483F66FE67}.Debug|Any CPU.ActiveCfg = Debug|Any CPU
		{342F83F2-B360-49AC-AF2E-37483F66FE67}.Debug|Any CPU.Build.0 = Debug|Any CPU
		{342F83F2-B360-49AC-AF2E-37483F66FE67}.Release|Any CPU.ActiveCfg = Release|Any CPU
		{342F83F2-B360-49AC-AF2E-37483F66FE67}.Release|Any CPU.Build.0 = Release|Any CPU
	EndGlobalSection
	GlobalSection(SolutionProperties) = preSolution
		HideSolutionNode = FALSE
	EndGlobalSection
	GlobalSection(ExtensibilityGlobals) = postSolution
		SolutionGuid = {C9DFAA6E-8E9A-466B-8E17-6C79AFBBFC7A}
	EndGlobalSection
EndGlobal
