
Microsoft Visual Studio Solution File, Format Version 12.00
# Visual Studio Version 17
VisualStudioVersion = 17.0.32112.339
MinimumVisualStudioVersion = 10.0.40219.1
Project("{9A19103F-16F7-4668-BE54-9A1E7A4F7556}") = "Hello", "Hello\Hello.csproj", "{856403E1-A28E-4E1E-A5EB-F30E05E35B08}"
EndProject
Global
	GlobalSection(SolutionConfigurationPlatforms) = preSolution
		Debug|Any CPU = Debug|Any CPU
		Release|Any CPU = Release|Any CPU
	EndGlobalSection
	GlobalSection(ProjectConfigurationPlatforms) = postSolution
		{856403E1-A28E-4E1E-A5EB-F30E05E35B08}.Debug|Any CPU.ActiveCfg = Debug|Any CPU
		{856403E1-A28E-4E1E-A5EB-F30E05E35B08}.Debug|Any CPU.Build.0 = Debug|Any CPU
		{856403E1-A28E-4E1E-A5EB-F30E05E35B08}.Release|Any CPU.ActiveCfg = Release|Any CPU
		{856403E1-A28E-4E1E-A5EB-F30E05E35B08}.Release|Any CPU.Build.0 = Release|Any CPU
	EndGlobalSection
	GlobalSection(SolutionProperties) = preSolution
		HideSolutionNode = FALSE
	EndGlobalSection
	GlobalSection(ExtensibilityGlobals) = postSolution
		SolutionGuid = {FA8B6616-4EA5-4C6A-A7A4-75C0C2C90FE2}
	EndGlobalSection
EndGlobal
