
Microsoft Visual Studio Solution File, Format Version 12.00
# Visual Studio Version 17
VisualStudioVersion = 17.0.32112.339
MinimumVisualStudioVersion = 10.0.40219.1
Project("{9A19103F-16F7-4668-BE54-9A1E7A4F7556}") = "MessageArray.Server", "MessageArray.Server\MessageArray.Server.csproj", "{5A0939E9-D750-4E1E-B9E6-B015F5F70BBC}"
EndProject
Project("{FAE04EC0-301F-11D3-BF4B-00C04F79EFBC}") = "MessageArray.Codec", "MessageArray.Codec\MessageArray.Codec.csproj", "{0F62FFFF-2210-4680-BC6F-468C31DC24C7}"
EndProject
Project("{FAE04EC0-301F-11D3-BF4B-00C04F79EFBC}") = "MessageArray.Test", "MessageArray.Test\MessageArray.Test.csproj", "{1F1D049F-7CE3-41D9-B9E1-AA42ED660970}"
EndProject
Global
	GlobalSection(SolutionConfigurationPlatforms) = preSolution
		Debug|Any CPU = Debug|Any CPU
		Release|Any CPU = Release|Any CPU
	EndGlobalSection
	GlobalSection(ProjectConfigurationPlatforms) = postSolution
		{5A0939E9-D750-4E1E-B9E6-B015F5F70BBC}.Debug|Any CPU.ActiveCfg = Debug|Any CPU
		{5A0939E9-D750-4E1E-B9E6-B015F5F70BBC}.Debug|Any CPU.Build.0 = Debug|Any CPU
		{5A0939E9-D750-4E1E-B9E6-B015F5F70BBC}.Release|Any CPU.ActiveCfg = Release|Any CPU
		{5A0939E9-D750-4E1E-B9E6-B015F5F70BBC}.Release|Any CPU.Build.0 = Release|Any CPU
		{0F62FFFF-2210-4680-BC6F-468C31DC24C7}.Debug|Any CPU.ActiveCfg = Debug|Any CPU
		{0F62FFFF-2210-4680-BC6F-468C31DC24C7}.Debug|Any CPU.Build.0 = Debug|Any CPU
		{0F62FFFF-2210-4680-BC6F-468C31DC24C7}.Release|Any CPU.ActiveCfg = Release|Any CPU
		{0F62FFFF-2210-4680-BC6F-468C31DC24C7}.Release|Any CPU.Build.0 = Release|Any CPU
		{1F1D049F-7CE3-41D9-B9E1-AA42ED660970}.Debug|Any CPU.ActiveCfg = Debug|Any CPU
		{1F1D049F-7CE3-41D9-B9E1-AA42ED660970}.Debug|Any CPU.Build.0 = Debug|Any CPU
		{1F1D049F-7CE3-41D9-B9E1-AA42ED660970}.Release|Any CPU.ActiveCfg = Release|Any CPU
		{1F1D049F-7CE3-41D9-B9E1-AA42ED660970}.Release|Any CPU.Build.0 = Release|Any CPU
	EndGlobalSection
	GlobalSection(SolutionProperties) = preSolution
		HideSolutionNode = FALSE
	EndGlobalSection
	GlobalSection(ExtensibilityGlobals) = postSolution
		SolutionGuid = {F6536619-1381-4AA0-AA86-CBC9E23C3C21}
	EndGlobalSection
EndGlobal
