
Microsoft Visual Studio Solution File, Format Version 12.00
# Visual Studio Version 17
VisualStudioVersion = 17.0.32112.339
MinimumVisualStudioVersion = 10.0.40219.1
Project("{9A19103F-16F7-4668-BE54-9A1E7A4F7556}") = "OutterCall", "OutterCall\OutterCall.csproj", "{5515D861-6273-4238-94A8-6F3AA145454B}"
EndProject
Project("{9A19103F-16F7-4668-BE54-9A1E7A4F7556}") = "DelegateDi", "DelegateDi\DelegateDi.csproj", "{9787D04E-8008-4A0D-89E1-2EEE081DAE00}"
EndProject
Global
	GlobalSection(SolutionConfigurationPlatforms) = preSolution
		Debug|Any CPU = Debug|Any CPU
		Release|Any CPU = Release|Any CPU
	EndGlobalSection
	GlobalSection(ProjectConfigurationPlatforms) = postSolution
		{5515D861-6273-4238-94A8-6F3AA145454B}.Debug|Any CPU.ActiveCfg = Debug|Any CPU
		{5515D861-6273-4238-94A8-6F3AA145454B}.Debug|Any CPU.Build.0 = Debug|Any CPU
		{5515D861-6273-4238-94A8-6F3AA145454B}.Release|Any CPU.ActiveCfg = Release|Any CPU
		{5515D861-6273-4238-94A8-6F3AA145454B}.Release|Any CPU.Build.0 = Release|Any CPU
		{9787D04E-8008-4A0D-89E1-2EEE081DAE00}.Debug|Any CPU.ActiveCfg = Debug|Any CPU
		{9787D04E-8008-4A0D-89E1-2EEE081DAE00}.Debug|Any CPU.Build.0 = Debug|Any CPU
		{9787D04E-8008-4A0D-89E1-2EEE081DAE00}.Release|Any CPU.ActiveCfg = Release|Any CPU
		{9787D04E-8008-4A0D-89E1-2EEE081DAE00}.Release|Any CPU.Build.0 = Release|Any CPU
	EndGlobalSection
	GlobalSection(SolutionProperties) = preSolution
		HideSolutionNode = FALSE
	EndGlobalSection
	GlobalSection(ExtensibilityGlobals) = postSolution
		SolutionGuid = {AD489DE3-5660-4835-BC45-D41AB1524F67}
	EndGlobalSection
EndGlobal
