
Microsoft Visual Studio Solution File, Format Version 12.00
# Visual Studio Version 17
VisualStudioVersion = 17.0.32112.339
MinimumVisualStudioVersion = 10.0.40219.1
Project("{9A19103F-16F7-4668-BE54-9A1E7A4F7556}") = "OutterCall", "OutterCall\OutterCall.csproj", "{B12BD9A1-9EB6-448C-A5A7-842D1BCAFD23}"
EndProject
Project("{FAE04EC0-301F-11D3-BF4B-00C04F79EFBC}") = "CommandLine", "CommandLine\CommandLine.csproj", "{7D169402-833F-4F83-93B1-27576C1B9130}"
EndProject
Global
	GlobalSection(SolutionConfigurationPlatforms) = preSolution
		Debug|Any CPU = Debug|Any CPU
		Release|Any CPU = Release|Any CPU
	EndGlobalSection
	GlobalSection(ProjectConfigurationPlatforms) = postSolution
		{B12BD9A1-9EB6-448C-A5A7-842D1BCAFD23}.Debug|Any CPU.ActiveCfg = Debug|Any CPU
		{B12BD9A1-9EB6-448C-A5A7-842D1BCAFD23}.Debug|Any CPU.Build.0 = Debug|Any CPU
		{B12BD9A1-9EB6-448C-A5A7-842D1BCAFD23}.Release|Any CPU.ActiveCfg = Release|Any CPU
		{B12BD9A1-9EB6-448C-A5A7-842D1BCAFD23}.Release|Any CPU.Build.0 = Release|Any CPU
		{7D169402-833F-4F83-93B1-27576C1B9130}.Debug|Any CPU.ActiveCfg = Debug|Any CPU
		{7D169402-833F-4F83-93B1-27576C1B9130}.Debug|Any CPU.Build.0 = Debug|Any CPU
		{7D169402-833F-4F83-93B1-27576C1B9130}.Release|Any CPU.ActiveCfg = Release|Any CPU
		{7D169402-833F-4F83-93B1-27576C1B9130}.Release|Any CPU.Build.0 = Release|Any CPU
	EndGlobalSection
	GlobalSection(SolutionProperties) = preSolution
		HideSolutionNode = FALSE
	EndGlobalSection
	GlobalSection(ExtensibilityGlobals) = postSolution
		SolutionGuid = {839EEF73-8969-4B74-8E32-2414C94397B1}
	EndGlobalSection
EndGlobal
